
Microsoft Visual Studio Solution File, Format Version 12.00
# Visual Studio Version 16
VisualStudioVersion = 16.0.29519.181
MinimumVisualStudioVersion = 10.0.40219.1
Project("{9A19103F-16F7-4668-BE54-9A1E7A4F7556}") = "BookStore-API", "BookStore-API\BookStore-API.csproj", "{7A8A69D7-D614-4794-8D55-F8042F3E2EF8}"
EndProject
Global
	GlobalSection(SolutionConfigurationPlatforms) = preSolution
		Debug|Any CPU = Debug|Any CPU
		Release|Any CPU = Release|Any CPU
	EndGlobalSection
	GlobalSection(ProjectConfigurationPlatforms) = postSolution
		{7A8A69D7-D614-4794-8D55-F8042F3E2EF8}.Debug|Any CPU.ActiveCfg = Debug|Any CPU
		{7A8A69D7-D614-4794-8D55-F8042F3E2EF8}.Debug|Any CPU.Build.0 = Debug|Any CPU
		{7A8A69D7-D614-4794-8D55-F8042F3E2EF8}.Release|Any CPU.ActiveCfg = Release|Any CPU
		{7A8A69D7-D614-4794-8D55-F8042F3E2EF8}.Release|Any CPU.Build.0 = Release|Any CPU
	EndGlobalSection
	GlobalSection(SolutionProperties) = preSolution
		HideSolutionNode = FALSE
	EndGlobalSection
	GlobalSection(ExtensibilityGlobals) = postSolution
		SolutionGuid = {F8158E31-5548-4196-8B30-433EEFAF308A}
	EndGlobalSection
EndGlobal
